
Microsoft Visual Studio Solution File, Format Version 12.00
# Visual Studio Version 16
VisualStudioVersion = 16.0.29009.5
MinimumVisualStudioVersion = 10.0.40219.1
Project("{FAE04EC0-301F-11D3-BF4B-00C04F79EFBC}") = "BackupAssistant", "BackupAssistant\BackupAssistant.csproj", "{BC5FE084-C41C-4882-BB1C-75142585A9E6}"
EndProject
Project("{FAE04EC0-301F-11D3-BF4B-00C04F79EFBC}") = "BackupAssistant.Providers.FtpServer", "BackupAssistant.Providers.FtpServer\BackupAssistant.Providers.FtpServer.csproj", "{5F3F14D9-586A-46D6-9AA7-D8A48EBC8F18}"
EndProject
Project("{FAE04EC0-301F-11D3-BF4B-00C04F79EFBC}") = "BackupAssistant.Contracts", "BackupAssistant.Contracts\BackupAssistant.Contracts.csproj", "{96700E2A-4D58-4E55-A2F9-D46ECECDED84}"
EndProject
Global
	GlobalSection(SolutionConfigurationPlatforms) = preSolution
		Debug|Any CPU = Debug|Any CPU
		Release|Any CPU = Release|Any CPU
	EndGlobalSection
	GlobalSection(ProjectConfigurationPlatforms) = postSolution
		{BC5FE084-C41C-4882-BB1C-75142585A9E6}.Debug|Any CPU.ActiveCfg = Debug|Any CPU
		{BC5FE084-C41C-4882-BB1C-75142585A9E6}.Debug|Any CPU.Build.0 = Debug|Any CPU
		{BC5FE084-C41C-4882-BB1C-75142585A9E6}.Release|Any CPU.ActiveCfg = Release|Any CPU
		{BC5FE084-C41C-4882-BB1C-75142585A9E6}.Release|Any CPU.Build.0 = Release|Any CPU
		{5F3F14D9-586A-46D6-9AA7-D8A48EBC8F18}.Debug|Any CPU.ActiveCfg = Debug|Any CPU
		{5F3F14D9-586A-46D6-9AA7-D8A48EBC8F18}.Debug|Any CPU.Build.0 = Debug|Any CPU
		{5F3F14D9-586A-46D6-9AA7-D8A48EBC8F18}.Release|Any CPU.ActiveCfg = Release|Any CPU
		{5F3F14D9-586A-46D6-9AA7-D8A48EBC8F18}.Release|Any CPU.Build.0 = Release|Any CPU
		{96700E2A-4D58-4E55-A2F9-D46ECECDED84}.Debug|Any CPU.ActiveCfg = Debug|Any CPU
		{96700E2A-4D58-4E55-A2F9-D46ECECDED84}.Debug|Any CPU.Build.0 = Debug|Any CPU
		{96700E2A-4D58-4E55-A2F9-D46ECECDED84}.Release|Any CPU.ActiveCfg = Release|Any CPU
		{96700E2A-4D58-4E55-A2F9-D46ECECDED84}.Release|Any CPU.Build.0 = Release|Any CPU
	EndGlobalSection
	GlobalSection(SolutionProperties) = preSolution
		HideSolutionNode = FALSE
	EndGlobalSection
	GlobalSection(ExtensibilityGlobals) = postSolution
		SolutionGuid = {64329428-D27B-4C4A-92E9-2EB25FF0E403}
	EndGlobalSection
EndGlobal
